
Microsoft Visual Studio Solution File, Format Version 12.00
# Visual Studio 14
VisualStudioVersion = 14.0.25420.1
MinimumVisualStudioVersion = 10.0.40219.1
Project("{FAE04EC0-301F-11D3-BF4B-00C04F79EFBC}") = "DenDream.Marketplace.Walmart.SDK", "DenDream.Marketplace.Walmart.SDK\DenDream.Marketplace.Walmart.SDK.csproj", "{A2AAFEC1-014A-4A56-BBD7-C7D61ED981EB}"
EndProject
Project("{FAE04EC0-301F-11D3-BF4B-00C04F79EFBC}") = "DenDream.Marketplace.Walmart.ConsoleTest", "DenDream.Marketplace.Walmart.ConsoleTest\DenDream.Marketplace.Walmart.ConsoleTest.csproj", "{D2709C15-1508-4E09-8E83-ACAEBE068997}"
EndProject
Global
	GlobalSection(SolutionConfigurationPlatforms) = preSolution
		Debug|Any CPU = Debug|Any CPU
		Release|Any CPU = Release|Any CPU
	EndGlobalSection
	GlobalSection(ProjectConfigurationPlatforms) = postSolution
		{A2AAFEC1-014A-4A56-BBD7-C7D61ED981EB}.Debug|Any CPU.ActiveCfg = Debug|Any CPU
		{A2AAFEC1-014A-4A56-BBD7-C7D61ED981EB}.Debug|Any CPU.Build.0 = Debug|Any CPU
		{A2AAFEC1-014A-4A56-BBD7-C7D61ED981EB}.Release|Any CPU.ActiveCfg = Release|Any CPU
		{A2AAFEC1-014A-4A56-BBD7-C7D61ED981EB}.Release|Any CPU.Build.0 = Release|Any CPU
		{D2709C15-1508-4E09-8E83-ACAEBE068997}.Debug|Any CPU.ActiveCfg = Debug|Any CPU
		{D2709C15-1508-4E09-8E83-ACAEBE068997}.Debug|Any CPU.Build.0 = Debug|Any CPU
		{D2709C15-1508-4E09-8E83-ACAEBE068997}.Release|Any CPU.ActiveCfg = Release|Any CPU
		{D2709C15-1508-4E09-8E83-ACAEBE068997}.Release|Any CPU.Build.0 = Release|Any CPU
	EndGlobalSection
	GlobalSection(SolutionProperties) = preSolution
		HideSolutionNode = FALSE
	EndGlobalSection
EndGlobal
